
Microsoft Visual Studio Solution File, Format Version 12.00
# Visual Studio Version 17
VisualStudioVersion = 17.7.34221.43
MinimumVisualStudioVersion = 10.0.40219.1
Project("{FAE04EC0-301F-11D3-BF4B-00C04F79EFBC}") = "MatLog5-6Class", "MatLog5-6Class.csproj", "{819B5243-1205-4D5D-9F76-52E982A1E213}"
EndProject
Global
	GlobalSection(SolutionConfigurationPlatforms) = preSolution
		Debug|Any CPU = Debug|Any CPU
		Release|Any CPU = Release|Any CPU
	EndGlobalSection
	GlobalSection(ProjectConfigurationPlatforms) = postSolution
		{819B5243-1205-4D5D-9F76-52E982A1E213}.Debug|Any CPU.ActiveCfg = Debug|Any CPU
		{819B5243-1205-4D5D-9F76-52E982A1E213}.Debug|Any CPU.Build.0 = Debug|Any CPU
		{819B5243-1205-4D5D-9F76-52E982A1E213}.Release|Any CPU.ActiveCfg = Release|Any CPU
		{819B5243-1205-4D5D-9F76-52E982A1E213}.Release|Any CPU.Build.0 = Release|Any CPU
	EndGlobalSection
	GlobalSection(SolutionProperties) = preSolution
		HideSolutionNode = FALSE
	EndGlobalSection
	GlobalSection(ExtensibilityGlobals) = postSolution
		SolutionGuid = {520D5E25-C1B3-491D-B375-958F6C419908}
	EndGlobalSection
EndGlobal
